// !$*UTF8*$!
{
	archiveVersion = 1;
	classes = {
	};
	objectVersion = 50;
	objects = {

/* Begin PBXBuildFile section */
		865FED7123BD3E7700910B02 /* AppDelegate.swift in Sources */ = {isa = PBXBuildFile; fileRef = 865FED7023BD3E7700910B02 /* AppDelegate.swift */; };
		865FED7323BD3E7700910B02 /* ViewController.swift in Sources */ = {isa = PBXBuildFile; fileRef = 865FED7223BD3E7700910B02 /* ViewController.swift */; };
		865FED7623BD3E7700910B02 /* Main.storyboard in Resources */ = {isa = PBXBuildFile; fileRef = 865FED7423BD3E7700910B02 /* Main.storyboard */; };
		865FED7823BD3E7900910B02 /* Assets.xcassets in Resources */ = {isa = PBXBuildFile; fileRef = 865FED7723BD3E7900910B02 /* Assets.xcassets */; };
		865FED7B23BD3E7900910B02 /* LaunchScreen.storyboard in Resources */ = {isa = PBXBuildFile; fileRef = 865FED7923BD3E7900910B02 /* LaunchScreen.storyboard */; };
		865FED8623BD3E7900910B02 /* TipCalTests.swift in Sources */ = {isa = PBXBuildFile; fileRef = 865FED8523BD3E7900910B02 /* TipCalTests.swift */; };
		865FED9123BD3E7A00910B02 /* TipCalUITests.swift in Sources */ = {isa = PBXBuildFile; fileRef = 865FED9023BD3E7A00910B02 /* TipCalUITests.swift */; };
/* End PBXBuildFile section */

/* Begin PBXContainerItemProxy section */
		865FED8223BD3E7900910B02 /* PBXContainerItemProxy */ = {
			isa = PBXContainerItemProxy;
			containerPortal = 865FED6523BD3E7700910B02 /* Project object */;
			proxyType = 1;
			remoteGlobalIDString = 865FED6C23BD3E7700910B02;
			remoteInfo = TipCal;
		};
		865FED8D23BD3E7900910B02 /* PBXContainerItemProxy */ = {
			isa = PBXContainerItemProxy;
			containerPortal = 865FED6523BD3E7700910B02 /* Project object */;
			proxyType = 1;
			remoteGlobalIDString = 865FED6C23BD3E7700910B02;
			remoteInfo = TipCal;
		};
/* End PBXContainerItemProxy section */

/* Begin PBXFileReference section */
		865FED6D23BD3E7700910B02 /* TipCal.app */ = {isa = PBXFileReference; explicitFileType = wrapper.application; includeInIndex = 0; path = TipCal.app; sourceTree = BUILT_PRODUCTS_DIR; };
		865FED7023BD3E7700910B02 /* AppDelegate.swift */ = {isa = PBXFileReference; lastKnownFileType = sourcecode.swift; path = AppDelegate.swift; sourceTree = "<group>"; };
		865FED7223BD3E7700910B02 /* ViewController.swift */ = {isa = PBXFileReference; lastKnownFileType = sourcecode.swift; path = ViewController.swift; sourceTree = "<group>"; };
		865FED7523BD3E7700910B02 /* Base */ = {isa = PBXFileReference; lastKnownFileType = file.storyboard; name = Base; path = Base.lproj/Main.storyboard; sourceTree = "<group>"; };
		865FED7723BD3E7900910B02 /* Assets.xcassets */ = {isa = PBXFileReference; lastKnownFileType = folder.assetcatalog; path = Assets.xcassets; sourceTree = "<group>"; };
		865FED7A23BD3E7900910B02 /* Base */ = {isa = PBXFileReference; lastKnownFileType = file.storyboard; name = Base; path = Base.lproj/LaunchScreen.storyboard; sourceTree = "<group>"; };
		865FED7C23BD3E7900910B02 /* Info.plist */ = {isa = PBXFileReference; lastKnownFileType = text.plist.xml; path = Info.plist; sourceTree = "<group>"; };
		865FED8123BD3E7900910B02 /* TipCalTests.xctest */ = {isa = PBXFileReference; explicitFileType = wrapper.cfbundle; includeInIndex = 0; path = TipCalTests.xctest; sourceTree = BUILT_PRODUCTS_DIR; };
		865FED8523BD3E7900910B02 /* TipCalTests.swift */ = {isa = PBXFileReference; lastKnownFileType = sourcecode.swift; path = TipCalTests.swift; sourceTree = "<group>"; };
		865FED8723BD3E7900910B02 /* Info.plist */ = {isa = PBXFileReference; lastKnownFileType = text.plist.xml; path = Info.plist; sourceTree = "<group>"; };
		865FED8C23BD3E7900910B02 /* TipCalUITests.xctest */ = {isa = PBXFileReference; explicitFileType = wrapper.cfbundle; includeInIndex = 0; path = TipCalUITests.xctest; sourceTree = BUILT_PRODUCTS_DIR; };
		865FED9023BD3E7A00910B02 /* TipCalUITests.swift */ = {isa = PBXFileReference; lastKnownFileType = sourcecode.swift; path = TipCalUITests.swift; sourceTree = "<group>"; };
		865FED9223BD3E7A00910B02 /* Info.plist */ = {isa = PBXFileReference; lastKnownFileType = text.plist.xml; path = Info.plist; sourceTree = "<group>"; };
/* End PBXFileReference section */

/* Begin PBXFrameworksBuildPhase section */
		865FED6A23BD3E7700910B02 /* Frameworks */ = {
			isa = PBXFrameworksBuildPhase;
			buildActionMask = 2147483647;
			files = (
			);
			runOnlyForDeploymentPostprocessing = 0;
		};
		865FED7E23BD3E7900910B02 /* Frameworks */ = {
			isa = PBXFrameworksBuildPhase;
			buildActionMask = 2147483647;
			files = (
			);
			runOnlyForDeploymentPostprocessing = 0;
		};
		865FED8923BD3E7900910B02 /* Frameworks */ = {
			isa = PBXFrameworksBuildPhase;
			buildActionMask = 2147483647;
			files = (
			);
			runOnlyForDeploymentPostprocessing = 0;
		};
/* End PBXFrameworksBuildPhase section */

/* Begin PBXGroup section */
		865FED6423BD3E7700910B02 = {
			isa = PBXGroup;
			children = (
				865FED6F23BD3E7700910B02 /* TipCal */,
				865FED8423BD3E7900910B02 /* TipCalTests */,
				865FED8F23BD3E7900910B02 /* TipCalUITests */,
				865FED6E23BD3E7700910B02 /* Products */,
			);
			sourceTree = "<group>";
		};
		865FED6E23BD3E7700910B02 /* Products */ = {
			isa = PBXGroup;
			children = (
				865FED6D23BD3E7700910B02 /* TipCal.app */,
				865FED8123BD3E7900910B02 /* TipCalTests.xctest */,
				865FED8C23BD3E7900910B02 /* TipCalUITests.xctest */,
			);
			name = Products;
			sourceTree = "<group>";
		};
		865FED6F23BD3E7700910B02 /* TipCal */ = {
			isa = PBXGroup;
			children = (
				865FED7023BD3E7700910B02 /* AppDelegate.swift */,
				865FED7223BD3E7700910B02 /* ViewController.swift */,
				865FED7423BD3E7700910B02 /* Main.storyboard */,
				865FED7723BD3E7900910B02 /* Assets.xcassets */,
				865FED7923BD3E7900910B02 /* LaunchScreen.storyboard */,
				865FED7C23BD3E7900910B02 /* Info.plist */,
			);
			path = TipCal;
			sourceTree = "<group>";
		};
		865FED8423BD3E7900910B02 /* TipCalTests */ = {
			isa = PBXGroup;
			children = (
				865FED8523BD3E7900910B02 /* TipCalTests.swift */,
				865FED8723BD3E7900910B02 /* Info.plist */,
			);
			path = TipCalTests;
			sourceTree = "<group>";
		};
		865FED8F23BD3E7900910B02 /* TipCalUITests */ = {
			isa = PBXGroup;
			children = (
				865FED9023BD3E7A00910B02 /* TipCalUITests.swift */,
				865FED9223BD3E7A00910B02 /* Info.plist */,
			);
			path = TipCalUITests;
			sourceTree = "<group>";
		};
/* End PBXGroup section */

/* Begin PBXNativeTarget section */
		865FED6C23BD3E7700910B02 /* TipCal */ = {
			isa = PBXNativeTarget;
			buildConfigurationList = 865FED9523BD3E7A00910B02 /* Build configuration list for PBXNativeTarget "TipCal" */;
			buildPhases = (
				865FED6923BD3E7700910B02 /* Sources */,
				865FED6A23BD3E7700910B02 /* Frameworks */,
				865FED6B23BD3E7700910B02 /* Resources */,
			);
			buildRules = (
			);
			dependencies = (
			);
			name = TipCal;
			productName = TipCal;
			productReference = 865FED6D23BD3E7700910B02 /* TipCal.app */;
			productType = "com.apple.product-type.application";
		};
		865FED8023BD3E7900910B02 /* TipCalTests */ = {
			isa = PBXNativeTarget;
			buildConfigurationList = 865FED9823BD3E7A00910B02 /* Build configuration list for PBXNativeTarget "TipCalTests" */;
			buildPhases = (
				865FED7D23BD3E7900910B02 /* Sources */,
				865FED7E23BD3E7900910B02 /* Frameworks */,
				865FED7F23BD3E7900910B02 /* Resources */,
			);
			buildRules = (
			);
			dependencies = (
				865FED8323BD3E7900910B02 /* PBXTargetDependency */,
			);
			name = TipCalTests;
			productName = TipCalTests;
			productReference = 865FED8123BD3E7900910B02 /* TipCalTests.xctest */;
			productType = "com.apple.product-type.bundle.unit-test";
		};
		865FED8B23BD3E7900910B02 /* TipCalUITests */ = {
			isa = PBXNativeTarget;
			buildConfigurationList = 865FED9B23BD3E7A00910B02 /* Build configuration list for PBXNativeTarget "TipCalUITests" */;
			buildPhases = (
				865FED8823BD3E7900910B02 /* Sources */,
				865FED8923BD3E7900910B02 /* Frameworks */,
				865FED8A23BD3E7900910B02 /* Resources */,
			);
			buildRules = (
			);
			dependencies = (
				865FED8E23BD3E7900910B02 /* PBXTargetDependency */,
			);
			name = TipCalUITests;
			productName = TipCalUITests;
			productReference = 865FED8C23BD3E7900910B02 /* TipCalUITests.xctest */;
			productType = "com.apple.product-type.bundle.ui-testing";
		};
/* End PBXNativeTarget section */

/* Begin PBXProject section */
		865FED6523BD3E7700910B02 /* Project object */ = {
			isa = PBXProject;
			attributes = {
				LastSwiftUpdateCheck = 1010;
				LastUpgradeCheck = 1010;
				ORGANIZATIONNAME = "Gavin Huang";
				TargetAttributes = {
					865FED6C23BD3E7700910B02 = {
						CreatedOnToolsVersion = 10.1;
					};
					865FED8023BD3E7900910B02 = {
						CreatedOnToolsVersion = 10.1;
						TestTargetID = 865FED6C23BD3E7700910B02;
					};
					865FED8B23BD3E7900910B02 = {
						CreatedOnToolsVersion = 10.1;
						TestTargetID = 865FED6C23BD3E7700910B02;
					};
				};
			};
			buildConfigurationList = 865FED6823BD3E7700910B02 /* Build configuration list for PBXProject "TipCal" */;
			compatibilityVersion = "Xcode 9.3";
			developmentRegion = en;
			hasScannedForEncodings = 0;
			knownRegions = (
				en,
				Base,
			);
			mainGroup = 865FED6423BD3E7700910B02;
			productRefGroup = 865FED6E23BD3E7700910B02 /* Products */;
			projectDirPath = "";
			projectRoot = "";
			targets = (
				865FED6C23BD3E7700910B02 /* TipCal */,
				865FED8023BD3E7900910B02 /* TipCalTests */,
				865FED8B23BD3E7900910B02 /* TipCalUITests */,
			);
		};
/* End PBXProject section */

/* Begin PBXResourcesBuildPhase section */
		865FED6B23BD3E7700910B02 /* Resources */ = {
			isa = PBXResourcesBuildPhase;
			buildActionMask = 2147483647;
			files = (
				865FED7B23BD3E7900910B02 /* LaunchScreen.storyboard in Resources */,
				865FED7823BD3E7900910B02 /* Assets.xcassets in Resources */,
				865FED7623BD3E7700910B02 /* Main.storyboard in Resources */,
			);
			runOnlyForDeploymentPostprocessing = 0;
		};
		865FED7F23BD3E7900910B02 /* Resources */ = {
			isa = PBXResourcesBuildPhase;
			buildActionMask = 2147483647;
			files = (
			);
			runOnlyForDeploymentPostprocessing = 0;
		};
		865FED8A23BD3E7900910B02 /* Resources */ = {
			isa = PBXResourcesBuildPhase;
			buildActionMask = 2147483647;
			files = (
			);
			runOnlyForDeploymentPostprocessing = 0;
		};
/* End PBXResourcesBuildPhase section */

/* Begin PBXSourcesBuildPhase section */
		865FED6923BD3E7700910B02 /* Sources */ = {
			isa = PBXSourcesBuildPhase;
			buildActionMask = 2147483647;
			files = (
				865FED7323BD3E7700910B02 /* ViewController.swift in Sources */,
				865FED7123BD3E7700910B02 /* AppDelegate.swift in Sources */,
			);
			runOnlyForDeploymentPostprocessing = 0;
		};
		865FED7D23BD3E7900910B02 /* Sources */ = {
			isa = PBXSourcesBuildPhase;
			buildActionMask = 2147483647;
			files = (
				865FED8623BD3E7900910B02 /* TipCalTests.swift in Sources */,
			);
			runOnlyForDeploymentPostprocessing = 0;
		};
		865FED8823BD3E7900910B02 /* Sources */ = {
			isa = PBXSourcesBuildPhase;
			buildActionMask = 2147483647;
			files = (
				865FED9123BD3E7A00910B02 /* TipCalUITests.swift in Sources */,
			);
			runOnlyForDeploymentPostprocessing = 0;
		};
/* End PBXSourcesBuildPhase section */

/* Begin PBXTargetDependency section */
		865FED8323BD3E7900910B02 /* PBXTargetDependency */ = {
			isa = PBXTargetDependency;
			target = 865FED6C23BD3E7700910B02 /* TipCal */;
			targetProxy = 865FED8223BD3E7900910B02 /* PBXContainerItemProxy */;
		};
		865FED8E23BD3E7900910B02 /* PBXTargetDependency */ = {
			isa = PBXTargetDependency;
			target = 865FED6C23BD3E7700910B02 /* TipCal */;
			targetProxy = 865FED8D23BD3E7900910B02 /* PBXContainerItemProxy */;
		};
/* End PBXTargetDependency section */

/* Begin PBXVariantGroup section */
		865FED7423BD3E7700910B02 /* Main.storyboard */ = {
			isa = PBXVariantGroup;
			children = (
				865FED7523BD3E7700910B02 /* Base */,
			);
			name = Main.storyboard;
			sourceTree = "<group>";
		};
		865FED7923BD3E7900910B02 /* LaunchScreen.storyboard */ = {
			isa = PBXVariantGroup;
			children = (
				865FED7A23BD3E7900910B02 /* Base */,
			);
			name = LaunchScreen.storyboard;
			sourceTree = "<group>";
		};
/* End PBXVariantGroup section */

/* Begin XCBuildConfiguration section */
		865FED9323BD3E7A00910B02 /* Debug */ = {
			isa = XCBuildConfiguration;
			buildSettings = {
				ALWAYS_SEARCH_USER_PATHS = NO;
				CLANG_ANALYZER_NONNULL = YES;
				CLANG_ANALYZER_NUMBER_OBJECT_CONVERSION = YES_AGGRESSIVE;
				CLANG_CXX_LANGUAGE_STANDARD = "gnu++14";
				CLANG_CXX_LIBRARY = "libc++";
				CLANG_ENABLE_MODULES = YES;
				CLANG_ENABLE_OBJC_ARC = YES;
				CLANG_ENABLE_OBJC_WEAK = YES;
				CLANG_WARN_BLOCK_CAPTURE_AUTORELEASING = YES;
				CLANG_WARN_BOOL_CONVERSION = YES;
				CLANG_WARN_COMMA = YES;
				CLANG_WARN_CONSTANT_CONVERSION = YES;
				CLANG_WARN_DEPRECATED_OBJC_IMPLEMENTATIONS = YES;
				CLANG_WARN_DIRECT_OBJC_ISA_USAGE = YES_ERROR;
				CLANG_WARN_DOCUMENTATION_COMMENTS = YES;
				CLANG_WARN_EMPTY_BODY = YES;
				CLANG_WARN_ENUM_CONVERSION = YES;
				CLANG_WARN_INFINITE_RECURSION = YES;
				CLANG_WARN_INT_CONVERSION = YES;
				CLANG_WARN_NON_LITERAL_NULL_CONVERSION = YES;
				CLANG_WARN_OBJC_IMPLICIT_RETAIN_SELF = YES;
				CLANG_WARN_OBJC_LITERAL_CONVERSION = YES;
				CLANG_WARN_OBJC_ROOT_CLASS = YES_ERROR;
				CLANG_WARN_RANGE_LOOP_ANALYSIS = YES;
				CLANG_WARN_STRICT_PROTOTYPES = YES;
				CLANG_WARN_SUSPICIOUS_MOVE = YES;
				CLANG_WARN_UNGUARDED_AVAILABILITY = YES_AGGRESSIVE;
				CLANG_WARN_UNREACHABLE_CODE = YES;
				CLANG_WARN__DUPLICATE_METHOD_MATCH = YES;
				CODE_SIGN_IDENTITY = "iPhone Developer";
				COPY_PHASE_STRIP = NO;
				DEBUG_INFORMATION_FORMAT = dwarf;
				ENABLE_STRICT_OBJC_MSGSEND = YES;
				ENABLE_TESTABILITY = YES;
				GCC_C_LANGUAGE_STANDARD = gnu11;
				GCC_DYNAMIC_NO_PIC = NO;
				GCC_NO_COMMON_BLOCKS = YES;
				GCC_OPTIMIZATION_LEVEL = 0;
				GCC_PREPROCESSOR_DEFINITIONS = (
					"DEBUG=1",
					"$(inherited)",
				);
				GCC_WARN_64_TO_32_BIT_CONVERSION = YES;
				GCC_WARN_ABOUT_RETURN_TYPE = YES_ERROR;
				GCC_WARN_UNDECLARED_SELECTOR = YES;
				GCC_WARN_UNINITIALIZED_AUTOS = YES_AGGRESSIVE;
				GCC_WARN_UNUSED_FUNCTION = YES;
				GCC_WARN_UNUSED_VARIABLE = YES;
				IPHONEOS_DEPLOYMENT_TARGET = 12.1;
				MTL_ENABLE_DEBUG_INFO = INCLUDE_SOURCE;
				MTL_FAST_MATH = YES;
				ONLY_ACTIVE_ARCH = YES;
				SDKROOT = iphoneos;
				SWIFT_ACTIVE_COMPILATION_CONDITIONS = DEBUG;
				SWIFT_OPTIMIZATION_LEVEL = "-Onone";
			};
			name = Debug;
		};
		865FED9423BD3E7A00910B02 /* Release */ = {
			isa = XCBuildConfiguration;
			buildSettings = {
				ALWAYS_SEARCH_USER_PATHS = NO;
				CLANG_ANALYZER_NONNULL = YES;
				CLANG_ANALYZER_NUMBER_OBJECT_CONVERSION = YES_AGGRESSIVE;
				CLANG_CXX_LANGUAGE_STANDARD = "gnu++14";
				CLANG_CXX_LIBRARY = "libc++";
				CLANG_ENABLE_MODULES = YES;
				CLANG_ENABLE_OBJC_ARC = YES;
				CLANG_ENABLE_OBJC_WEAK = YES;
				CLANG_WARN_BLOCK_CAPTURE_AUTORELEASING = YES;
				CLANG_WARN_BOOL_CONVERSION = YES;
				CLANG_WARN_COMMA = YES;
				CLANG_WARN_CONSTANT_CONVERSION = YES;
				CLANG_WARN_DEPRECATED_OBJC_IMPLEMENTATIONS = YES;
				CLANG_WARN_DIRECT_OBJC_ISA_USAGE = YES_ERROR;
				CLANG_WARN_DOCUMENTATION_COMMENTS = YES;
				CLANG_WARN_EMPTY_BODY = YES;
				CLANG_WARN_ENUM_CONVERSION = YES;
				CLANG_WARN_INFINITE_RECURSION = YES;
				CLANG_WARN_INT_CONVERSION = YES;
				CLANG_WARN_NON_LITERAL_NULL_CONVERSION = YES;
				CLANG_WARN_OBJC_IMPLICIT_RETAIN_SELF = YES;
				CLANG_WARN_OBJC_LITERAL_CONVERSION = YES;
				CLANG_WARN_OBJC_ROOT_CLASS = YES_ERROR;
				CLANG_WARN_RANGE_LOOP_ANALYSIS = YES;
				CLANG_WARN_STRICT_PROTOTYPES = YES;
				CLANG_WARN_SUSPICIOUS_MOVE = YES;
				CLANG_WARN_UNGUARDED_AVAILABILITY = YES_AGGRESSIVE;
				CLANG_WARN_UNREACHABLE_CODE = YES;
				CLANG_WARN__DUPLICATE_METHOD_MATCH = YES;
				CODE_SIGN_IDENTITY = "iPhone Developer";
				COPY_PHASE_STRIP = NO;
				DEBUG_INFORMATION_FORMAT = "dwarf-with-dsym";
				ENABLE_NS_ASSERTIONS = NO;
				ENABLE_STRICT_OBJC_MSGSEND = YES;
				GCC_C_LANGUAGE_STANDARD = gnu11;
				GCC_NO_COMMON_BLOCKS = YES;
				GCC_WARN_64_TO_32_BIT_CONVERSION = YES;
				GCC_WARN_ABOUT_RETURN_TYPE = YES_ERROR;
				GCC_WARN_UNDECLARED_SELECTOR = YES;
				GCC_WARN_UNINITIALIZED_AUTOS = YES_AGGRESSIVE;
				GCC_WARN_UNUSED_FUNCTION = YES;
				GCC_WARN_UNUSED_VARIABLE = YES;
				IPHONEOS_DEPLOYMENT_TARGET = 12.1;
				MTL_ENABLE_DEBUG_INFO = NO;
				MTL_FAST_MATH = YES;
				SDKROOT = iphoneos;
				SWIFT_COMPILATION_MODE = wholemodule;
				SWIFT_OPTIMIZATION_LEVEL = "-O";
				VALIDATE_PRODUCT = YES;
			};
			name = Release;
		};
		865FED9623BD3E7A00910B02 /* Debug */ = {
			isa = XCBuildConfiguration;
			buildSettings = {
				ASSETCATALOG_COMPILER_APPICON_NAME = AppIcon;
				CODE_SIGN_STYLE = Automatic;
				INFOPLIST_FILE = TipCal/Info.plist;
				LD_RUNPATH_SEARCH_PATHS = (
					"$(inherited)",
					"@executable_path/Frameworks",
				);
				PRODUCT_BUNDLE_IDENTIFIER = array.TipCal;
				PRODUCT_NAME = "$(TARGET_NAME)";
				SWIFT_VERSION = 4.2;
				TARGETED_DEVICE_FAMILY = "1,2";
			};
			name = Debug;
		};
		865FED9723BD3E7A00910B02 /* Release */ = {
			isa = XCBuildConfiguration;
			buildSettings = {
				ASSETCATALOG_COMPILER_APPICON_NAME = AppIcon;
				CODE_SIGN_STYLE = Automatic;
				INFOPLIST_FILE = TipCal/Info.plist;
				LD_RUNPATH_SEARCH_PATHS = (
					"$(inherited)",
					"@executable_path/Frameworks",
				);
				PRODUCT_BUNDLE_IDENTIFIER = array.TipCal;
				PRODUCT_NAME = "$(TARGET_NAME)";
				SWIFT_VERSION = 4.2;
				TARGETED_DEVICE_FAMILY = "1,2";
			};
			name = Release;
		};
		865FED9923BD3E7A00910B02 /* Debug */ = {
			isa = XCBuildConfiguration;
			buildSettings = {
				ALWAYS_EMBED_SWIFT_STANDARD_LIBRARIES = YES;
				BUNDLE_LOADER = "$(TEST_HOST)";
				CODE_SIGN_STYLE = Automatic;
				INFOPLIST_FILE = TipCalTests/Info.plist;
				LD_RUNPATH_SEARCH_PATHS = (
					"$(inherited)",
					"@executable_path/Frameworks",
					"@loader_path/Frameworks",
				);
				PRODUCT_BUNDLE_IDENTIFIER = array.TipCalTests;
				PRODUCT_NAME = "$(TARGET_NAME)";
				SWIFT_VERSION = 4.2;
				TARGETED_DEVICE_FAMILY = "1,2";
				TEST_HOST = "$(BUILT_PRODUCTS_DIR)/TipCal.app/TipCal";
			};
			name = Debug;
		};
		865FED9A23BD3E7A00910B02 /* Release */ = {
			isa = XCBuildConfiguration;
			buildSettings = {
				ALWAYS_EMBED_SWIFT_STANDARD_LIBRARIES = YES;
				BUNDLE_LOADER = "$(TEST_HOST)";
				CODE_SIGN_STYLE = Automatic;
				INFOPLIST_FILE = TipCalTests/Info.plist;
				LD_RUNPATH_SEARCH_PATHS = (
					"$(inherited)",
					"@executable_path/Frameworks",
					"@loader_path/Frameworks",
				);
				PRODUCT_BUNDLE_IDENTIFIER = array.TipCalTests;
				PRODUCT_NAME = "$(TARGET_NAME)";
				SWIFT_VERSION = 4.2;
				TARGETED_DEVICE_FAMILY = "1,2";
				TEST_HOST = "$(BUILT_PRODUCTS_DIR)/TipCal.app/TipCal";
			};
			name = Release;
		};
		865FED9C23BD3E7A00910B02 /* Debug */ = {
			isa = XCBuildConfiguration;
			buildSettings = {
				ALWAYS_EMBED_SWIFT_STANDARD_LIBRARIES = YES;
				CODE_SIGN_STYLE = Automatic;
				INFOPLIST_FILE = TipCalUITests/Info.plist;
				LD_RUNPATH_SEARCH_PATHS = (
					"$(inherited)",
					"@executable_path/Frameworks",
					"@loader_path/Frameworks",
				);
				PRODUCT_BUNDLE_IDENTIFIER = array.TipCalUITests;
				PRODUCT_NAME = "$(TARGET_NAME)";
				SWIFT_VERSION = 4.2;
				TARGETED_DEVICE_FAMILY = "1,2";
				TEST_TARGET_NAME = TipCal;
			};
			name = Debug;
		};
		865FED9D23BD3E7A00910B02 /* Release */ = {
			isa = XCBuildConfiguration;
			buildSettings = {
				ALWAYS_EMBED_SWIFT_STANDARD_LIBRARIES = YES;
				CODE_SIGN_STYLE = Automatic;
				INFOPLIST_FILE = TipCalUITests/Info.plist;
				LD_RUNPATH_SEARCH_PATHS = (
					"$(inherited)",
					"@executable_path/Frameworks",
					"@loader_path/Frameworks",
				);
				PRODUCT_BUNDLE_IDENTIFIER = array.TipCalUITests;
				PRODUCT_NAME = "$(TARGET_NAME)";
				SWIFT_VERSION = 4.2;
				TARGETED_DEVICE_FAMILY = "1,2";
				TEST_TARGET_NAME = TipCal;
			};
			name = Release;
		};
/* End XCBuildConfiguration section */

/* Begin XCConfigurationList section */
		865FED6823BD3E7700910B02 /* Build configuration list for PBXProject "TipCal" */ = {
			isa = XCConfigurationList;
			buildConfigurations = (
				865FED9323BD3E7A00910B02 /* Debug */,
				865FED9423BD3E7A00910B02 /* Release */,
			);
			defaultConfigurationIsVisible = 0;
			defaultConfigurationName = Release;
		};
		865FED9523BD3E7A00910B02 /* Build configuration list for PBXNativeTarget "TipCal" */ = {
			isa = XCConfigurationList;
			buildConfigurations = (
				865FED9623BD3E7A00910B02 /* Debug */,
				865FED9723BD3E7A00910B02 /* Release */,
			);
			defaultConfigurationIsVisible = 0;
			defaultConfigurationName = Release;
		};
		865FED9823BD3E7A00910B02 /* Build configuration list for PBXNativeTarget "TipCalTests" */ = {
			isa = XCConfigurationList;
			buildConfigurations = (
				865FED9923BD3E7A00910B02 /* Debug */,
				865FED9A23BD3E7A00910B02 /* Release */,
			);
			defaultConfigurationIsVisible = 0;
			defaultConfigurationName = Release;
		};
		865FED9B23BD3E7A00910B02 /* Build configuration list for PBXNativeTarget "TipCalUITests" */ = {
			isa = XCConfigurationList;
			buildConfigurations = (
				865FED9C23BD3E7A00910B02 /* Debug */,
				865FED9D23BD3E7A00910B02 /* Release */,
			);
			defaultConfigurationIsVisible = 0;
			defaultConfigurationName = Release;
		};
/* End XCConfigurationList section */
	};
	rootObject = 865FED6523BD3E7700910B02 /* Project object */;
}
